
Microsoft Visual Studio Solution File, Format Version 12.00
# Visual Studio Version 16
VisualStudioVersion = 16.0.30320.27
MinimumVisualStudioVersion = 10.0.40219.1
Project("{9A19103F-16F7-4668-BE54-9A1E7A4F7556}") = "BuildingBlocks.EventBus", "BuildingBlocks.EventBus\BuildingBlocks.EventBus.csproj", "{6303DCAB-DCE4-4E00-ADBF-6EBA785BED36}"
EndProject
Project("{2150E333-8FDC-42A3-9474-1A3956D46DE8}") = "Solution Items", "Solution Items", "{43141798-A3B2-42A7-8D5F-271A7D320BF9}"
	ProjectSection(SolutionItems) = preProject
		nuget.config = nuget.config
	EndProjectSection
EndProject
Global
	GlobalSection(SolutionConfigurationPlatforms) = preSolution
		Debug|Any CPU = Debug|Any CPU
		Release|Any CPU = Release|Any CPU
	EndGlobalSection
	GlobalSection(ProjectConfigurationPlatforms) = postSolution
		{6303DCAB-DCE4-4E00-ADBF-6EBA785BED36}.Debug|Any CPU.ActiveCfg = Debug|Any CPU
		{6303DCAB-DCE4-4E00-ADBF-6EBA785BED36}.Debug|Any CPU.Build.0 = Debug|Any CPU
		{6303DCAB-DCE4-4E00-ADBF-6EBA785BED36}.Release|Any CPU.ActiveCfg = Release|Any CPU
		{6303DCAB-DCE4-4E00-ADBF-6EBA785BED36}.Release|Any CPU.Build.0 = Release|Any CPU
	EndGlobalSection
	GlobalSection(SolutionProperties) = preSolution
		HideSolutionNode = FALSE
	EndGlobalSection
	GlobalSection(ExtensibilityGlobals) = postSolution
		SolutionGuid = {7E232966-BB04-4B5A-A46C-BB517C2F6FB3}
	EndGlobalSection
EndGlobal
